// !$*UTF8*$!
{
	archiveVersion = 1;
	classes = {
	};
	objectVersion = 46;
	objects = {

/* Begin PBXBuildFile section */
		CFA60F721F59176500DE6918 /* AppDelegate.m in Sources */ = {isa = PBXBuildFile; fileRef = CFA60F711F59176500DE6918 /* AppDelegate.m */; };
		CFA60F751F59176500DE6918 /* main.m in Sources */ = {isa = PBXBuildFile; fileRef = CFA60F741F59176500DE6918 /* main.m */; };
		CFA60F781F59176500DE6918 /* ViewController.m in Sources */ = {isa = PBXBuildFile; fileRef = CFA60F771F59176500DE6918 /* ViewController.m */; };
		CFA60F7A1F59176500DE6918 /* Assets.xcassets in Resources */ = {isa = PBXBuildFile; fileRef = CFA60F791F59176500DE6918 /* Assets.xcassets */; };
		CFA60F7D1F59176500DE6918 /* Main.storyboard in Resources */ = {isa = PBXBuildFile; fileRef = CFA60F7B1F59176500DE6918 /* Main.storyboard */; };
		CFA60F891F59180E00DE6918 /* GCDAsyncSocket.m in Sources */ = {isa = PBXBuildFile; fileRef = CFA60F861F59180E00DE6918 /* GCDAsyncSocket.m */; };
		CFA60F8A1F59180E00DE6918 /* GCDAsyncUdpSocket.m in Sources */ = {isa = PBXBuildFile; fileRef = CFA60F881F59180E00DE6918 /* GCDAsyncUdpSocket.m */; };
/* End PBXBuildFile section */

/* Begin PBXFileReference section */
		CFA60F6D1F59176500DE6918 /* ServiceScoket.app */ = {isa = PBXFileReference; explicitFileType = wrapper.application; includeInIndex = 0; path = ServiceScoket.app; sourceTree = BUILT_PRODUCTS_DIR; };
		CFA60F701F59176500DE6918 /* AppDelegate.h */ = {isa = PBXFileReference; lastKnownFileType = sourcecode.c.h; path = AppDelegate.h; sourceTree = "<group>"; };
		CFA60F711F59176500DE6918 /* AppDelegate.m */ = {isa = PBXFileReference; lastKnownFileType = sourcecode.c.objc; path = AppDelegate.m; sourceTree = "<group>"; };
		CFA60F741F59176500DE6918 /* main.m */ = {isa = PBXFileReference; lastKnownFileType = sourcecode.c.objc; path = main.m; sourceTree = "<group>"; };
		CFA60F761F59176500DE6918 /* ViewController.h */ = {isa = PBXFileReference; lastKnownFileType = sourcecode.c.h; path = ViewController.h; sourceTree = "<group>"; };
		CFA60F771F59176500DE6918 /* ViewController.m */ = {isa = PBXFileReference; lastKnownFileType = sourcecode.c.objc; path = ViewController.m; sourceTree = "<group>"; };
		CFA60F791F59176500DE6918 /* Assets.xcassets */ = {isa = PBXFileReference; lastKnownFileType = folder.assetcatalog; path = Assets.xcassets; sourceTree = "<group>"; };
		CFA60F7C1F59176500DE6918 /* Base */ = {isa = PBXFileReference; lastKnownFileType = file.storyboard; name = Base; path = Base.lproj/Main.storyboard; sourceTree = "<group>"; };
		CFA60F7E1F59176500DE6918 /* Info.plist */ = {isa = PBXFileReference; lastKnownFileType = text.plist.xml; path = Info.plist; sourceTree = "<group>"; };
		CFA60F851F59180E00DE6918 /* GCDAsyncSocket.h */ = {isa = PBXFileReference; fileEncoding = 4; lastKnownFileType = sourcecode.c.h; path = GCDAsyncSocket.h; sourceTree = "<group>"; };
		CFA60F861F59180E00DE6918 /* GCDAsyncSocket.m */ = {isa = PBXFileReference; fileEncoding = 4; lastKnownFileType = sourcecode.c.objc; path = GCDAsyncSocket.m; sourceTree = "<group>"; };
		CFA60F871F59180E00DE6918 /* GCDAsyncUdpSocket.h */ = {isa = PBXFileReference; fileEncoding = 4; lastKnownFileType = sourcecode.c.h; path = GCDAsyncUdpSocket.h; sourceTree = "<group>"; };
		CFA60F881F59180E00DE6918 /* GCDAsyncUdpSocket.m */ = {isa = PBXFileReference; fileEncoding = 4; lastKnownFileType = sourcecode.c.objc; path = GCDAsyncUdpSocket.m; sourceTree = "<group>"; };
/* End PBXFileReference section */

/* Begin PBXFrameworksBuildPhase section */
		CFA60F6A1F59176500DE6918 /* Frameworks */ = {
			isa = PBXFrameworksBuildPhase;
			buildActionMask = 2147483647;
			files = (
			);
			runOnlyForDeploymentPostprocessing = 0;
		};
/* End PBXFrameworksBuildPhase section */

/* Begin PBXGroup section */
		CFA60F641F59176500DE6918 = {
			isa = PBXGroup;
			children = (
				CFA60F6F1F59176500DE6918 /* ServiceScoket */,
				CFA60F6E1F59176500DE6918 /* Products */,
			);
			sourceTree = "<group>";
		};
		CFA60F6E1F59176500DE6918 /* Products */ = {
			isa = PBXGroup;
			children = (
				CFA60F6D1F59176500DE6918 /* ServiceScoket.app */,
			);
			name = Products;
			sourceTree = "<group>";
		};
		CFA60F6F1F59176500DE6918 /* ServiceScoket */ = {
			isa = PBXGroup;
			children = (
				CFA60F841F59180400DE6918 /* CocoaAsyncSocket */,
				CFA60F701F59176500DE6918 /* AppDelegate.h */,
				CFA60F711F59176500DE6918 /* AppDelegate.m */,
				CFA60F761F59176500DE6918 /* ViewController.h */,
				CFA60F771F59176500DE6918 /* ViewController.m */,
				CFA60F791F59176500DE6918 /* Assets.xcassets */,
				CFA60F7B1F59176500DE6918 /* Main.storyboard */,
				CFA60F7E1F59176500DE6918 /* Info.plist */,
				CFA60F731F59176500DE6918 /* Supporting Files */,
			);
			path = ServiceScoket;
			sourceTree = "<group>";
		};
		CFA60F731F59176500DE6918 /* Supporting Files */ = {
			isa = PBXGroup;
			children = (
				CFA60F741F59176500DE6918 /* main.m */,
			);
			name = "Supporting Files";
			sourceTree = "<group>";
		};
		CFA60F841F59180400DE6918 /* CocoaAsyncSocket */ = {
			isa = PBXGroup;
			children = (
				CFA60F851F59180E00DE6918 /* GCDAsyncSocket.h */,
				CFA60F861F59180E00DE6918 /* GCDAsyncSocket.m */,
				CFA60F871F59180E00DE6918 /* GCDAsyncUdpSocket.h */,
				CFA60F881F59180E00DE6918 /* GCDAsyncUdpSocket.m */,
			);
			path = CocoaAsyncSocket;
			sourceTree = "<group>";
		};
/* End PBXGroup section */

/* Begin PBXNativeTarget section */
		CFA60F6C1F59176500DE6918 /* ServiceScoket */ = {
			isa = PBXNativeTarget;
			buildConfigurationList = CFA60F811F59176500DE6918 /* Build configuration list for PBXNativeTarget "ServiceScoket" */;
			buildPhases = (
				CFA60F691F59176500DE6918 /* Sources */,
				CFA60F6A1F59176500DE6918 /* Frameworks */,
				CFA60F6B1F59176500DE6918 /* Resources */,
			);
			buildRules = (
			);
			dependencies = (
			);
			name = ServiceScoket;
			productName = ServiceScoket;
			productReference = CFA60F6D1F59176500DE6918 /* ServiceScoket.app */;
			productType = "com.apple.product-type.application";
		};
/* End PBXNativeTarget section */

/* Begin PBXProject section */
		CFA60F651F59176500DE6918 /* Project object */ = {
			isa = PBXProject;
			attributes = {
				LastUpgradeCheck = 0730;
				ORGANIZATIONNAME = "肖疆维";
				TargetAttributes = {
					CFA60F6C1F59176500DE6918 = {
						CreatedOnToolsVersion = 7.3.1;
					};
				};
			};
			buildConfigurationList = CFA60F681F59176500DE6918 /* Build configuration list for PBXProject "ServiceScoket" */;
			compatibilityVersion = "Xcode 3.2";
			developmentRegion = English;
			hasScannedForEncodings = 0;
			knownRegions = (
				en,
				Base,
			);
			mainGroup = CFA60F641F59176500DE6918;
			productRefGroup = CFA60F6E1F59176500DE6918 /* Products */;
			projectDirPath = "";
			projectRoot = "";
			targets = (
				CFA60F6C1F59176500DE6918 /* ServiceScoket */,
			);
		};
/* End PBXProject section */

/* Begin PBXResourcesBuildPhase section */
		CFA60F6B1F59176500DE6918 /* Resources */ = {
			isa = PBXResourcesBuildPhase;
			buildActionMask = 2147483647;
			files = (
				CFA60F7A1F59176500DE6918 /* Assets.xcassets in Resources */,
				CFA60F7D1F59176500DE6918 /* Main.storyboard in Resources */,
			);
			runOnlyForDeploymentPostprocessing = 0;
		};
/* End PBXResourcesBuildPhase section */

/* Begin PBXSourcesBuildPhase section */
		CFA60F691F59176500DE6918 /* Sources */ = {
			isa = PBXSourcesBuildPhase;
			buildActionMask = 2147483647;
			files = (
				CFA60F891F59180E00DE6918 /* GCDAsyncSocket.m in Sources */,
				CFA60F8A1F59180E00DE6918 /* GCDAsyncUdpSocket.m in Sources */,
				CFA60F781F59176500DE6918 /* ViewController.m in Sources */,
				CFA60F751F59176500DE6918 /* main.m in Sources */,
				CFA60F721F59176500DE6918 /* AppDelegate.m in Sources */,
			);
			runOnlyForDeploymentPostprocessing = 0;
		};
/* End PBXSourcesBuildPhase section */

/* Begin PBXVariantGroup section */
		CFA60F7B1F59176500DE6918 /* Main.storyboard */ = {
			isa = PBXVariantGroup;
			children = (
				CFA60F7C1F59176500DE6918 /* Base */,
			);
			name = Main.storyboard;
			sourceTree = "<group>";
		};
/* End PBXVariantGroup section */

/* Begin XCBuildConfiguration section */
		CFA60F7F1F59176500DE6918 /* Debug */ = {
			isa = XCBuildConfiguration;
			buildSettings = {
				ALWAYS_SEARCH_USER_PATHS = NO;
				CLANG_ANALYZER_NONNULL = YES;
				CLANG_CXX_LANGUAGE_STANDARD = "gnu++0x";
				CLANG_CXX_LIBRARY = "libc++";
				CLANG_ENABLE_MODULES = YES;
				CLANG_ENABLE_OBJC_ARC = YES;
				CLANG_WARN_BOOL_CONVERSION = YES;
				CLANG_WARN_CONSTANT_CONVERSION = YES;
				CLANG_WARN_DIRECT_OBJC_ISA_USAGE = YES_ERROR;
				CLANG_WARN_EMPTY_BODY = YES;
				CLANG_WARN_ENUM_CONVERSION = YES;
				CLANG_WARN_INT_CONVERSION = YES;
				CLANG_WARN_OBJC_ROOT_CLASS = YES_ERROR;
				CLANG_WARN_UNREACHABLE_CODE = YES;
				CLANG_WARN__DUPLICATE_METHOD_MATCH = YES;
				CODE_SIGN_IDENTITY = "-";
				COPY_PHASE_STRIP = NO;
				DEBUG_INFORMATION_FORMAT = dwarf;
				ENABLE_STRICT_OBJC_MSGSEND = YES;
				ENABLE_TESTABILITY = YES;
				GCC_C_LANGUAGE_STANDARD = gnu99;
				GCC_DYNAMIC_NO_PIC = NO;
				GCC_NO_COMMON_BLOCKS = YES;
				GCC_OPTIMIZATION_LEVEL = 0;
				GCC_PREPROCESSOR_DEFINITIONS = (
					"DEBUG=1",
					"$(inherited)",
				);
				GCC_WARN_64_TO_32_BIT_CONVERSION = YES;
				GCC_WARN_ABOUT_RETURN_TYPE = YES_ERROR;
				GCC_WARN_UNDECLARED_SELECTOR = YES;
				GCC_WARN_UNINITIALIZED_AUTOS = YES_AGGRESSIVE;
				GCC_WARN_UNUSED_FUNCTION = YES;
				GCC_WARN_UNUSED_VARIABLE = YES;
				MACOSX_DEPLOYMENT_TARGET = 10.12;
				MTL_ENABLE_DEBUG_INFO = YES;
				ONLY_ACTIVE_ARCH = YES;
				SDKROOT = macosx;
			};
			name = Debug;
		};
		CFA60F801F59176500DE6918 /* Release */ = {
			isa = XCBuildConfiguration;
			buildSettings = {
				ALWAYS_SEARCH_USER_PATHS = NO;
				CLANG_ANALYZER_NONNULL = YES;
				CLANG_CXX_LANGUAGE_STANDARD = "gnu++0x";
				CLANG_CXX_LIBRARY = "libc++";
				CLANG_ENABLE_MODULES = YES;
				CLANG_ENABLE_OBJC_ARC = YES;
				CLANG_WARN_BOOL_CONVERSION = YES;
				CLANG_WARN_CONSTANT_CONVERSION = YES;
				CLANG_WARN_DIRECT_OBJC_ISA_USAGE = YES_ERROR;
				CLANG_WARN_EMPTY_BODY = YES;
				CLANG_WARN_ENUM_CONVERSION = YES;
				CLANG_WARN_INT_CONVERSION = YES;
				CLANG_WARN_OBJC_ROOT_CLASS = YES_ERROR;
				CLANG_WARN_UNREACHABLE_CODE = YES;
				CLANG_WARN__DUPLICATE_METHOD_MATCH = YES;
				CODE_SIGN_IDENTITY = "-";
				COPY_PHASE_STRIP = NO;
				DEBUG_INFORMATION_FORMAT = "dwarf-with-dsym";
				ENABLE_NS_ASSERTIONS = NO;
				ENABLE_STRICT_OBJC_MSGSEND = YES;
				GCC_C_LANGUAGE_STANDARD = gnu99;
				GCC_NO_COMMON_BLOCKS = YES;
				GCC_WARN_64_TO_32_BIT_CONVERSION = YES;
				GCC_WARN_ABOUT_RETURN_TYPE = YES_ERROR;
				GCC_WARN_UNDECLARED_SELECTOR = YES;
				GCC_WARN_UNINITIALIZED_AUTOS = YES_AGGRESSIVE;
				GCC_WARN_UNUSED_FUNCTION = YES;
				GCC_WARN_UNUSED_VARIABLE = YES;
				MACOSX_DEPLOYMENT_TARGET = 10.12;
				MTL_ENABLE_DEBUG_INFO = NO;
				SDKROOT = macosx;
			};
			name = Release;
		};
		CFA60F821F59176500DE6918 /* Debug */ = {
			isa = XCBuildConfiguration;
			buildSettings = {
				ASSETCATALOG_COMPILER_APPICON_NAME = AppIcon;
				COMBINE_HIDPI_IMAGES = YES;
				INFOPLIST_FILE = ServiceScoket/Info.plist;
				LD_RUNPATH_SEARCH_PATHS = "$(inherited) @executable_path/../Frameworks";
				PRODUCT_BUNDLE_IDENTIFIER = "---.ServiceScoket";
				PRODUCT_NAME = "$(TARGET_NAME)";
			};
			name = Debug;
		};
		CFA60F831F59176500DE6918 /* Release */ = {
			isa = XCBuildConfiguration;
			buildSettings = {
				ASSETCATALOG_COMPILER_APPICON_NAME = AppIcon;
				COMBINE_HIDPI_IMAGES = YES;
				INFOPLIST_FILE = ServiceScoket/Info.plist;
				LD_RUNPATH_SEARCH_PATHS = "$(inherited) @executable_path/../Frameworks";
				PRODUCT_BUNDLE_IDENTIFIER = "---.ServiceScoket";
				PRODUCT_NAME = "$(TARGET_NAME)";
			};
			name = Release;
		};
/* End XCBuildConfiguration section */

/* Begin XCConfigurationList section */
		CFA60F681F59176500DE6918 /* Build configuration list for PBXProject "ServiceScoket" */ = {
			isa = XCConfigurationList;
			buildConfigurations = (
				CFA60F7F1F59176500DE6918 /* Debug */,
				CFA60F801F59176500DE6918 /* Release */,
			);
			defaultConfigurationIsVisible = 0;
			defaultConfigurationName = Release;
		};
		CFA60F811F59176500DE6918 /* Build configuration list for PBXNativeTarget "ServiceScoket" */ = {
			isa = XCConfigurationList;
			buildConfigurations = (
				CFA60F821F59176500DE6918 /* Debug */,
				CFA60F831F59176500DE6918 /* Release */,
			);
			defaultConfigurationIsVisible = 0;
		};
/* End XCConfigurationList section */
	};
	rootObject = CFA60F651F59176500DE6918 /* Project object */;
}
